
Microsoft Visual Studio Solution File, Format Version 12.00
# Visual Studio Version 17
VisualStudioVersion = 17.12.35521.163
MinimumVisualStudioVersion = 10.0.40219.1
Project("{FAE04EC0-301F-11D3-BF4B-00C04F79EFBC}") = "OperatorProg", "Task13-14\OperatorProg.csproj", "{A3547B24-C817-4629-89ED-7F00C7835B03}"
EndProject
Project("{FAE04EC0-301F-11D3-BF4B-00C04F79EFBC}") = "BiblNasled", "BiblNasled\BiblNasled\BiblNasled.csproj", "{21387651-0C98-479E-A18F-BAF224E93BA0}"
EndProject
Project("{FAE04EC0-301F-11D3-BF4B-00C04F79EFBC}") = "TestNasledovanie", "TestNasledovanie\TestNasledovanie.csproj", "{103B70F3-2E00-453A-A96D-80FEDF5EA581}"
EndProject
Global
	GlobalSection(SolutionConfigurationPlatforms) = preSolution
		Debug|Any CPU = Debug|Any CPU
		Release|Any CPU = Release|Any CPU
	EndGlobalSection
	GlobalSection(ProjectConfigurationPlatforms) = postSolution
		{A3547B24-C817-4629-89ED-7F00C7835B03}.Debug|Any CPU.ActiveCfg = Debug|Any CPU
		{A3547B24-C817-4629-89ED-7F00C7835B03}.Debug|Any CPU.Build.0 = Debug|Any CPU
		{A3547B24-C817-4629-89ED-7F00C7835B03}.Release|Any CPU.ActiveCfg = Release|Any CPU
		{A3547B24-C817-4629-89ED-7F00C7835B03}.Release|Any CPU.Build.0 = Release|Any CPU
		{21387651-0C98-479E-A18F-BAF224E93BA0}.Debug|Any CPU.ActiveCfg = Debug|Any CPU
		{21387651-0C98-479E-A18F-BAF224E93BA0}.Debug|Any CPU.Build.0 = Debug|Any CPU
		{21387651-0C98-479E-A18F-BAF224E93BA0}.Release|Any CPU.ActiveCfg = Release|Any CPU
		{21387651-0C98-479E-A18F-BAF224E93BA0}.Release|Any CPU.Build.0 = Release|Any CPU
		{103B70F3-2E00-453A-A96D-80FEDF5EA581}.Debug|Any CPU.ActiveCfg = Debug|Any CPU
		{103B70F3-2E00-453A-A96D-80FEDF5EA581}.Debug|Any CPU.Build.0 = Debug|Any CPU
		{103B70F3-2E00-453A-A96D-80FEDF5EA581}.Release|Any CPU.ActiveCfg = Release|Any CPU
		{103B70F3-2E00-453A-A96D-80FEDF5EA581}.Release|Any CPU.Build.0 = Release|Any CPU
	EndGlobalSection
	GlobalSection(SolutionProperties) = preSolution
		HideSolutionNode = FALSE
	EndGlobalSection
EndGlobal
